
Microsoft Visual Studio Solution File, Format Version 12.00
# Visual Studio Version 17
VisualStudioVersion = 17.9.34622.214
MinimumVisualStudioVersion = 10.0.40219.1
Project("{9A19103F-16F7-4668-BE54-9A1E7A4F7556}") = "POS.Products.API", "POS.Products.API\POS.Products.API.csproj", "{C7948499-ACBB-47C5-8304-7C91A6E1A920}"
EndProject
Project("{9A19103F-16F7-4668-BE54-9A1E7A4F7556}") = "POS.CommonBase", "POS.CommonBase\POS.CommonBase.csproj", "{10DAEEFF-1149-476A-9A82-01B7D6A013EB}"
EndProject
Project("{9A19103F-16F7-4668-BE54-9A1E7A4F7556}") = "POS.Customers.API", "POS.Customers.API\POS.Customers.API.csproj", "{B957017E-4FE4-4F36-BE66-470821AF0CCE}"
EndProject
Project("{9A19103F-16F7-4668-BE54-9A1E7A4F7556}") = "POS.Orders.API", "POS.Orders.API\POS.Orders.API.csproj", "{2EA5E69E-628B-4F5A-B145-11DB1A812B97}"
EndProject
Project("{9A19103F-16F7-4668-BE54-9A1E7A4F7556}") = "POS.Products.Business", "POS.Products.Business\POS.Products.Business.csproj", "{D944A6E1-F41B-4C22-AC61-DB92624397B5}"
EndProject
Project("{9A19103F-16F7-4668-BE54-9A1E7A4F7556}") = "POS.Products.Data", "POS.Products.Data\POS.Products.Data.csproj", "{BC4BFD46-AE59-4FF2-AD46-F480D45D3E2F}"
EndProject
Project("{9A19103F-16F7-4668-BE54-9A1E7A4F7556}") = "POS.Orders.Business", "POS.Orders.Business\POS.Orders.Business.csproj", "{9A5389F9-61FA-4C2D-9A9E-EDB8CA904BAC}"
EndProject
Project("{9A19103F-16F7-4668-BE54-9A1E7A4F7556}") = "POS.Orders.Data", "POS.Orders.Data\POS.Orders.Data.csproj", "{110268C0-682C-4CCB-A1D4-35DF4B335990}"
EndProject
Project("{9A19103F-16F7-4668-BE54-9A1E7A4F7556}") = "POS.Customers.Business", "POS.Customers.Business\POS.Customers.Business.csproj", "{0DC8F8D8-3E59-417E-ABFE-2E770A0BE330}"
EndProject
Project("{9A19103F-16F7-4668-BE54-9A1E7A4F7556}") = "POS.Customers.Data", "POS.Customers.Data\POS.Customers.Data.csproj", "{631CE0FC-C8F4-4200-BE16-8A63DEF814BC}"
EndProject
Project("{E53339B2-1760-4266-BCC7-CA923CBCF16C}") = "docker-compose", "docker-compose.dcproj", "{A5437493-4733-4263-8D07-6AC8AD7592C0}"
EndProject
Project("{9A19103F-16F7-4668-BE54-9A1E7A4F7556}") = "POS.Customers.API.Tests", "POS.Customers.API.Tests\POS.Customers.API.Tests.csproj", "{1F6DA695-4989-4C53-88DC-9FED095D4BB1}"
EndProject
Project("{9A19103F-16F7-4668-BE54-9A1E7A4F7556}") = "POS.Identity.API", "POS.Identity.API\POS.Identity.API.csproj", "{5FD6361E-71DF-448E-AF7D-AAE7C4EF1011}"
EndProject
Project("{FAE04EC0-301F-11D3-BF4B-00C04F79EFBC}") = "POS.CustomerRegistration.API", "POS.CustomerRegistration.API\POS.CustomerRegistration.API.csproj", "{207F42BA-AC3E-4931-97A4-C9215242A9B0}"
EndProject
Global
	GlobalSection(SolutionConfigurationPlatforms) = preSolution
		Debug|Any CPU = Debug|Any CPU
		Release|Any CPU = Release|Any CPU
	EndGlobalSection
	GlobalSection(ProjectConfigurationPlatforms) = postSolution
		{C7948499-ACBB-47C5-8304-7C91A6E1A920}.Debug|Any CPU.ActiveCfg = Debug|Any CPU
		{C7948499-ACBB-47C5-8304-7C91A6E1A920}.Debug|Any CPU.Build.0 = Debug|Any CPU
		{C7948499-ACBB-47C5-8304-7C91A6E1A920}.Release|Any CPU.ActiveCfg = Release|Any CPU
		{C7948499-ACBB-47C5-8304-7C91A6E1A920}.Release|Any CPU.Build.0 = Release|Any CPU
		{10DAEEFF-1149-476A-9A82-01B7D6A013EB}.Debug|Any CPU.ActiveCfg = Debug|Any CPU
		{10DAEEFF-1149-476A-9A82-01B7D6A013EB}.Debug|Any CPU.Build.0 = Debug|Any CPU
		{10DAEEFF-1149-476A-9A82-01B7D6A013EB}.Release|Any CPU.ActiveCfg = Release|Any CPU
		{10DAEEFF-1149-476A-9A82-01B7D6A013EB}.Release|Any CPU.Build.0 = Release|Any CPU
		{B957017E-4FE4-4F36-BE66-470821AF0CCE}.Debug|Any CPU.ActiveCfg = Debug|Any CPU
		{B957017E-4FE4-4F36-BE66-470821AF0CCE}.Debug|Any CPU.Build.0 = Debug|Any CPU
		{B957017E-4FE4-4F36-BE66-470821AF0CCE}.Release|Any CPU.ActiveCfg = Release|Any CPU
		{B957017E-4FE4-4F36-BE66-470821AF0CCE}.Release|Any CPU.Build.0 = Release|Any CPU
		{2EA5E69E-628B-4F5A-B145-11DB1A812B97}.Debug|Any CPU.ActiveCfg = Debug|Any CPU
		{2EA5E69E-628B-4F5A-B145-11DB1A812B97}.Debug|Any CPU.Build.0 = Debug|Any CPU
		{2EA5E69E-628B-4F5A-B145-11DB1A812B97}.Release|Any CPU.ActiveCfg = Release|Any CPU
		{2EA5E69E-628B-4F5A-B145-11DB1A812B97}.Release|Any CPU.Build.0 = Release|Any CPU
		{D944A6E1-F41B-4C22-AC61-DB92624397B5}.Debug|Any CPU.ActiveCfg = Debug|Any CPU
		{D944A6E1-F41B-4C22-AC61-DB92624397B5}.Debug|Any CPU.Build.0 = Debug|Any CPU
		{D944A6E1-F41B-4C22-AC61-DB92624397B5}.Release|Any CPU.ActiveCfg = Release|Any CPU
		{D944A6E1-F41B-4C22-AC61-DB92624397B5}.Release|Any CPU.Build.0 = Release|Any CPU
		{BC4BFD46-AE59-4FF2-AD46-F480D45D3E2F}.Debug|Any CPU.ActiveCfg = Debug|Any CPU
		{BC4BFD46-AE59-4FF2-AD46-F480D45D3E2F}.Debug|Any CPU.Build.0 = Debug|Any CPU
		{BC4BFD46-AE59-4FF2-AD46-F480D45D3E2F}.Release|Any CPU.ActiveCfg = Release|Any CPU
		{BC4BFD46-AE59-4FF2-AD46-F480D45D3E2F}.Release|Any CPU.Build.0 = Release|Any CPU
		{9A5389F9-61FA-4C2D-9A9E-EDB8CA904BAC}.Debug|Any CPU.ActiveCfg = Debug|Any CPU
		{9A5389F9-61FA-4C2D-9A9E-EDB8CA904BAC}.Debug|Any CPU.Build.0 = Debug|Any CPU
		{9A5389F9-61FA-4C2D-9A9E-EDB8CA904BAC}.Release|Any CPU.ActiveCfg = Release|Any CPU
		{9A5389F9-61FA-4C2D-9A9E-EDB8CA904BAC}.Release|Any CPU.Build.0 = Release|Any CPU
		{110268C0-682C-4CCB-A1D4-35DF4B335990}.Debug|Any CPU.ActiveCfg = Debug|Any CPU
		{110268C0-682C-4CCB-A1D4-35DF4B335990}.Debug|Any CPU.Build.0 = Debug|Any CPU
		{110268C0-682C-4CCB-A1D4-35DF4B335990}.Release|Any CPU.ActiveCfg = Release|Any CPU
		{110268C0-682C-4CCB-A1D4-35DF4B335990}.Release|Any CPU.Build.0 = Release|Any CPU
		{0DC8F8D8-3E59-417E-ABFE-2E770A0BE330}.Debug|Any CPU.ActiveCfg = Debug|Any CPU
		{0DC8F8D8-3E59-417E-ABFE-2E770A0BE330}.Debug|Any CPU.Build.0 = Debug|Any CPU
		{0DC8F8D8-3E59-417E-ABFE-2E770A0BE330}.Release|Any CPU.ActiveCfg = Release|Any CPU
		{0DC8F8D8-3E59-417E-ABFE-2E770A0BE330}.Release|Any CPU.Build.0 = Release|Any CPU
		{631CE0FC-C8F4-4200-BE16-8A63DEF814BC}.Debug|Any CPU.ActiveCfg = Debug|Any CPU
		{631CE0FC-C8F4-4200-BE16-8A63DEF814BC}.Debug|Any CPU.Build.0 = Debug|Any CPU
		{631CE0FC-C8F4-4200-BE16-8A63DEF814BC}.Release|Any CPU.ActiveCfg = Release|Any CPU
		{631CE0FC-C8F4-4200-BE16-8A63DEF814BC}.Release|Any CPU.Build.0 = Release|Any CPU
		{A5437493-4733-4263-8D07-6AC8AD7592C0}.Debug|Any CPU.ActiveCfg = Debug|Any CPU
		{A5437493-4733-4263-8D07-6AC8AD7592C0}.Debug|Any CPU.Build.0 = Debug|Any CPU
		{A5437493-4733-4263-8D07-6AC8AD7592C0}.Release|Any CPU.ActiveCfg = Release|Any CPU
		{A5437493-4733-4263-8D07-6AC8AD7592C0}.Release|Any CPU.Build.0 = Release|Any CPU
		{1F6DA695-4989-4C53-88DC-9FED095D4BB1}.Debug|Any CPU.ActiveCfg = Debug|Any CPU
		{1F6DA695-4989-4C53-88DC-9FED095D4BB1}.Debug|Any CPU.Build.0 = Debug|Any CPU
		{1F6DA695-4989-4C53-88DC-9FED095D4BB1}.Release|Any CPU.ActiveCfg = Release|Any CPU
		{1F6DA695-4989-4C53-88DC-9FED095D4BB1}.Release|Any CPU.Build.0 = Release|Any CPU
		{5FD6361E-71DF-448E-AF7D-AAE7C4EF1011}.Debug|Any CPU.ActiveCfg = Debug|Any CPU
		{5FD6361E-71DF-448E-AF7D-AAE7C4EF1011}.Debug|Any CPU.Build.0 = Debug|Any CPU
		{5FD6361E-71DF-448E-AF7D-AAE7C4EF1011}.Release|Any CPU.ActiveCfg = Release|Any CPU
		{5FD6361E-71DF-448E-AF7D-AAE7C4EF1011}.Release|Any CPU.Build.0 = Release|Any CPU
		{207F42BA-AC3E-4931-97A4-C9215242A9B0}.Debug|Any CPU.ActiveCfg = Debug|Any CPU
		{207F42BA-AC3E-4931-97A4-C9215242A9B0}.Debug|Any CPU.Build.0 = Debug|Any CPU
		{207F42BA-AC3E-4931-97A4-C9215242A9B0}.Release|Any CPU.ActiveCfg = Release|Any CPU
		{207F42BA-AC3E-4931-97A4-C9215242A9B0}.Release|Any CPU.Build.0 = Release|Any CPU
	EndGlobalSection
	GlobalSection(SolutionProperties) = preSolution
		HideSolutionNode = FALSE
	EndGlobalSection
	GlobalSection(ExtensibilityGlobals) = postSolution
		SolutionGuid = {187737B4-C8A5-456E-922B-1EA5D08C653A}
	EndGlobalSection
EndGlobal
